<?xml version="1.0" encoding="utf-8"?>
<Project ToolsVersion="4.0" xmlns="http://schemas.microsoft.com/developer/msbuild/2003">
  <ItemGroup>
    <Filter Include="Source Files">
      <UniqueIdentifier>{f0dae1cd-568c-406e-93e1-2969ab79c635}</UniqueIdentifier>
      <Extensions>cpp;c;cxx;rc;def;r;odl;idl;hpj;bat</Extensions>
    </Filter>
    <Filter Include="Header Files">
      <UniqueIdentifier>{d5bfe088-4ed1-4f4b-88c8-a639b5d39e6d}</UniqueIdentifier>
      <Extensions>h;hpp;hxx;hm;inl</Extensions>
    </Filter>
    <Filter Include="Resource Files">
      <UniqueIdentifier>{190b96d2-98ac-4e93-bc68-41b5923e9514}</UniqueIdentifier>
      <Extensions>ico;cur;bmp;dlg;rc2;rct;bin;rgs;gif;jpg;jpeg;jpe</Extensions>
    </Filter>
  </ItemGroup>
  <ItemGroup>
    <ClCompile Include="pjproject\pjlib-util\src\pjlib-util-test\encryption.c">
      <Filter>Source Files</Filter>
    </ClCompile>
    <ClCompile Include="pjproject\pjlib-util\src\pjlib-util-test\http_client.c">
      <Filter>Source Files</Filter>
    </ClCompile>
    <ClCompile Include="pjproject\pjlib-util\src\pjlib-util-test\main.c">
      <Filter>Source Files</Filter>
    </ClCompile>
    <ClCompile Include="pjproject\pjlib-util\src\pjlib-util-test\main_win32.c">
      <Filter>Source Files</Filter>
    </ClCompile>
    <ClCompile Include="pjproject\pjlib-util\src\pjlib-util-test\resolver_test.c">
      <Filter>Source Files</Filter>
    </ClCompile>
    <ClCompile Include="pjproject\pjlib-util\src\pjlib-util-test\stun.c">
      <Filter>Source Files</Filter>
    </ClCompile>
    <ClCompile Include="pjproject\pjlib-util\src\pjlib-util-test\test.c">
      <Filter>Source Files</Filter>
    </ClCompile>
    <ClCompile Include="pjproject\pjlib-util\src\pjlib-util-test\xml.c">
      <Filter>Source Files</Filter>
    </ClCompile>
  </ItemGroup>
  <ItemGroup>
    <ClInclude Include="pjproject\pjlib-util\src\pjlib-util-test\test.h">
      <Filter>Header Files</Filter>
    </ClInclude>
  </ItemGroup>
</Project>