<?xml version="1.0" encoding="utf-8"?>
<Project ToolsVersion="4.0" xmlns="http://schemas.microsoft.com/developer/msbuild/2003">
  <ItemGroup>
    <Filter Include="Source Files">
      <UniqueIdentifier>{456a6865-f0d2-47f4-9012-4910a1017f6d}</UniqueIdentifier>
      <Extensions>cpp;c;cxx;rc;def;r;odl;idl;hpj;bat</Extensions>
    </Filter>
    <Filter Include="Header Files">
      <UniqueIdentifier>{5a9cbf4b-a0ae-4886-beb3-b6572aeef2e8}</UniqueIdentifier>
      <Extensions>h;hpp;hxx;hm;inl</Extensions>
    </Filter>
    <Filter Include="Resource Files">
      <UniqueIdentifier>{89db660f-a9d6-48e7-afe4-ca15498f8641}</UniqueIdentifier>
      <Extensions>ico;cur;bmp;dlg;rc2;rct;bin;rgs;gif;jpg;jpeg;jpe</Extensions>
    </Filter>
  </ItemGroup>
  <ItemGroup>
    <ClCompile Include="pjproject\pjmedia\src\test\codec_vectors.c">
      <Filter>Source Files</Filter>
    </ClCompile>
    <ClCompile Include="pjproject\pjmedia\src\test\jbuf_test.c">
      <Filter>Source Files</Filter>
    </ClCompile>
    <ClCompile Include="pjproject\pjmedia\src\test\main.c">
      <Filter>Source Files</Filter>
    </ClCompile>
    <ClCompile Include="pjproject\pjmedia\src\test\mips_test.c">
      <Filter>Source Files</Filter>
    </ClCompile>
    <ClCompile Include="pjproject\pjmedia\src\test\rtp_test.c">
      <Filter>Source Files</Filter>
    </ClCompile>
    <ClCompile Include="pjproject\pjmedia\src\test\sdp_neg_test.c">
      <Filter>Source Files</Filter>
    </ClCompile>
    <ClCompile Include="pjproject\pjmedia\src\test\sdptest.c">
      <Filter>Source Files</Filter>
    </ClCompile>
    <ClCompile Include="pjproject\pjmedia\src\test\session_test.c">
      <Filter>Source Files</Filter>
    </ClCompile>
    <ClCompile Include="pjproject\pjmedia\src\test\test.c">
      <Filter>Source Files</Filter>
    </ClCompile>
    <ClCompile Include="pjproject\pjmedia\src\test\vid_codec_test.c">
      <Filter>Source Files</Filter>
    </ClCompile>
    <ClCompile Include="pjproject\pjmedia\src\test\vid_dev_test.c">
      <Filter>Source Files</Filter>
    </ClCompile>
    <ClCompile Include="pjproject\pjmedia\src\test\vid_port_test.c">
      <Filter>Source Files</Filter>
    </ClCompile>
    <ClCompile Include="pjproject\pjmedia\src\test\wince_main.c">
      <Filter>Source Files</Filter>
    </ClCompile>
  </ItemGroup>
  <ItemGroup>
    <ClInclude Include="pjproject\pjmedia\src\test\test.h">
      <Filter>Header Files</Filter>
    </ClInclude>
  </ItemGroup>
  <ItemGroup>
    <None Include="JBTEST.DAT" />
  </ItemGroup>
</Project>