<?xml version="1.0" encoding="utf-8"?>
<Project ToolsVersion="4.0" xmlns="http://schemas.microsoft.com/developer/msbuild/2003">
  <ItemGroup>
    <Filter Include="Source Files">
      <UniqueIdentifier>{12a7e153-20fe-412e-ac7b-25be25049e3b}</UniqueIdentifier>
      <Extensions>cpp;c;cxx;rc;def;r;odl;idl;hpj;bat</Extensions>
    </Filter>
    <Filter Include="Header Files">
      <UniqueIdentifier>{68b49387-ddb0-4919-b8eb-8e4e68b720f7}</UniqueIdentifier>
      <Extensions>h;hpp;hxx;hm;inl</Extensions>
    </Filter>
    <Filter Include="Resource Files">
      <UniqueIdentifier>{11860917-27d5-42bb-a139-36613c625052}</UniqueIdentifier>
      <Extensions>ico;cur;bmp;dlg;rc2;rct;bin;rgs;gif;jpg;jpeg;jpe</Extensions>
    </Filter>
  </ItemGroup>
  <ItemGroup>
    <ClCompile Include="pjproject\pjsip-apps\src\samples\aectest.c">
      <Filter>Source Files</Filter>
    </ClCompile>
    <ClCompile Include="pjproject\pjsip-apps\src\samples\auddemo.c">
      <Filter>Source Files</Filter>
    </ClCompile>
    <ClCompile Include="pjproject\pjsip-apps\src\samples\aviplay.c">
      <Filter>Source Files</Filter>
    </ClCompile>
    <ClCompile Include="pjproject\pjsip-apps\src\samples\confbench.c">
      <Filter>Source Files</Filter>
    </ClCompile>
    <ClCompile Include="pjproject\pjsip-apps\src\samples\confsample.c">
      <Filter>Source Files</Filter>
    </ClCompile>
    <ClCompile Include="pjproject\pjsip-apps\src\samples\encdec.c">
      <Filter>Source Files</Filter>
    </ClCompile>
    <ClCompile Include="pjproject\pjsip-apps\src\samples\footprint.c">
      <Filter>Source Files</Filter>
    </ClCompile>
    <ClCompile Include="pjproject\pjsip-apps\src\samples\httpdemo.c">
      <Filter>Source Files</Filter>
    </ClCompile>
    <ClCompile Include="pjproject\pjsip-apps\src\samples\icedemo.c">
      <Filter>Source Files</Filter>
    </ClCompile>
    <ClCompile Include="pjproject\pjsip-apps\src\samples\jbsim.c">
      <Filter>Source Files</Filter>
    </ClCompile>
    <ClCompile Include="pjproject\pjsip-apps\src\samples\latency.c">
      <Filter>Source Files</Filter>
    </ClCompile>
    <ClCompile Include="pjproject\pjsip-apps\src\samples\level.c">
      <Filter>Source Files</Filter>
    </ClCompile>
    <ClCompile Include="pjproject\pjsip-apps\src\samples\mix.c">
      <Filter>Source Files</Filter>
    </ClCompile>
    <ClCompile Include="pjproject\pjsip-apps\src\samples\pcaputil.c">
      <Filter>Source Files</Filter>
    </ClCompile>
    <ClCompile Include="pjproject\pjsip-apps\src\samples\pjsip-perf.c">
      <Filter>Source Files</Filter>
    </ClCompile>
    <ClCompile Include="pjproject\pjsip-apps\src\samples\playfile.c">
      <Filter>Source Files</Filter>
    </ClCompile>
    <ClCompile Include="pjproject\pjsip-apps\src\samples\playsine.c">
      <Filter>Source Files</Filter>
    </ClCompile>
    <ClCompile Include="pjproject\pjsip-apps\src\samples\recfile.c">
      <Filter>Source Files</Filter>
    </ClCompile>
    <ClCompile Include="pjproject\pjsip-apps\src\samples\resampleplay.c">
      <Filter>Source Files</Filter>
    </ClCompile>
    <ClCompile Include="pjproject\pjsip-apps\src\samples\simple_pjsua.c">
      <Filter>Source Files</Filter>
    </ClCompile>
    <ClCompile Include="pjproject\pjsip-apps\src\samples\simpleua.c">
      <Filter>Source Files</Filter>
    </ClCompile>
    <ClCompile Include="pjproject\pjsip-apps\src\samples\sipecho.c">
      <Filter>Source Files</Filter>
    </ClCompile>
    <ClCompile Include="pjproject\pjsip-apps\src\samples\siprtp.c">
      <Filter>Source Files</Filter>
    </ClCompile>
    <ClCompile Include="pjproject\pjsip-apps\src\samples\siprtp_report.c">
      <Filter>Source Files</Filter>
    </ClCompile>
    <ClCompile Include="pjproject\pjsip-apps\src\samples\sipstateless.c">
      <Filter>Source Files</Filter>
    </ClCompile>
    <ClCompile Include="pjproject\pjsip-apps\src\samples\sndinfo.c">
      <Filter>Source Files</Filter>
    </ClCompile>
    <ClCompile Include="pjproject\pjsip-apps\src\samples\sndtest.c">
      <Filter>Source Files</Filter>
    </ClCompile>
    <ClCompile Include="pjproject\pjsip-apps\src\samples\stateful_proxy.c">
      <Filter>Source Files</Filter>
    </ClCompile>
    <ClCompile Include="pjproject\pjsip-apps\src\samples\stateless_proxy.c">
      <Filter>Source Files</Filter>
    </ClCompile>
    <ClCompile Include="pjproject\pjsip-apps\src\samples\streamutil.c">
      <Filter>Source Files</Filter>
    </ClCompile>
    <ClCompile Include="pjproject\pjsip-apps\src\samples\strerror.c">
      <Filter>Source Files</Filter>
    </ClCompile>
    <ClCompile Include="pjproject\pjsip-apps\src\samples\tonegen.c">
      <Filter>Source Files</Filter>
    </ClCompile>
    <ClCompile Include="pjproject\pjsip-apps\src\samples\vid_streamutil.c">
      <Filter>Source Files</Filter>
    </ClCompile>
  </ItemGroup>
  <ItemGroup>
    <ClInclude Include="pjproject\pjsip-apps\src\samples\proxy.h">
      <Filter>Header Files</Filter>
    </ClInclude>
    <ClInclude Include="pjproject\pjsip-apps\src\samples\util.h">
      <Filter>Header Files</Filter>
    </ClInclude>
  </ItemGroup>
  <ItemGroup>
    <None Include="Samples-vc.mak" />
    <None Include="Samples.mak" />
  </ItemGroup>
</Project>